// !$*UTF8*$!
{
	archiveVersion = 1;
	classes = {
	};
	objectVersion = 46;
	objects = {

/* Begin PBXBuildFile section */
		CC2DD5CB1E2C54DF008AEB32 /* AboutViewController.swift in Sources */ = {isa = PBXBuildFile; fileRef = CC2DD5CA1E2C54DF008AEB32 /* AboutViewController.swift */; };
		CC2DD5CD1E2D3A75008AEB32 /* Blanco.html in Resources */ = {isa = PBXBuildFile; fileRef = CC2DD5CC1E2D3A75008AEB32 /* Blanco.html */; };
		CCC4C7661E2AA9D500BE0FE6 /* AppDelegate.swift in Sources */ = {isa = PBXBuildFile; fileRef = CCC4C7651E2AA9D500BE0FE6 /* AppDelegate.swift */; };
		CCC4C7681E2AA9D500BE0FE6 /* ViewController.swift in Sources */ = {isa = PBXBuildFile; fileRef = CCC4C7671E2AA9D500BE0FE6 /* ViewController.swift */; };
		CCC4C76B1E2AA9D500BE0FE6 /* Main.storyboard in Resources */ = {isa = PBXBuildFile; fileRef = CCC4C7691E2AA9D500BE0FE6 /* Main.storyboard */; };
		CCC4C76D1E2AA9D500BE0FE6 /* Assets.xcassets in Resources */ = {isa = PBXBuildFile; fileRef = CCC4C76C1E2AA9D500BE0FE6 /* Assets.xcassets */; };
		CCC4C7701E2AA9D500BE0FE6 /* LaunchScreen.storyboard in Resources */ = {isa = PBXBuildFile; fileRef = CCC4C76E1E2AA9D500BE0FE6 /* LaunchScreen.storyboard */; };
/* End PBXBuildFile section */

/* Begin PBXFileReference section */
		CC2DD5CA1E2C54DF008AEB32 /* AboutViewController.swift */ = {isa = PBXFileReference; fileEncoding = 4; lastKnownFileType = sourcecode.swift; path = AboutViewController.swift; sourceTree = "<group>"; };
		CC2DD5CC1E2D3A75008AEB32 /* Blanco.html */ = {isa = PBXFileReference; fileEncoding = 4; lastKnownFileType = text.html; path = Blanco.html; sourceTree = "<group>"; };
		CCC4C7621E2AA9D500BE0FE6 /* Blanco.app */ = {isa = PBXFileReference; explicitFileType = wrapper.application; includeInIndex = 0; path = Blanco.app; sourceTree = BUILT_PRODUCTS_DIR; };
		CCC4C7651E2AA9D500BE0FE6 /* AppDelegate.swift */ = {isa = PBXFileReference; lastKnownFileType = sourcecode.swift; path = AppDelegate.swift; sourceTree = "<group>"; };
		CCC4C7671E2AA9D500BE0FE6 /* ViewController.swift */ = {isa = PBXFileReference; lastKnownFileType = sourcecode.swift; path = ViewController.swift; sourceTree = "<group>"; wrapsLines = 1; };
		CCC4C76A1E2AA9D500BE0FE6 /* Base */ = {isa = PBXFileReference; lastKnownFileType = file.storyboard; name = Base; path = Base.lproj/Main.storyboard; sourceTree = "<group>"; };
		CCC4C76C1E2AA9D500BE0FE6 /* Assets.xcassets */ = {isa = PBXFileReference; lastKnownFileType = folder.assetcatalog; path = Assets.xcassets; sourceTree = "<group>"; };
		CCC4C76F1E2AA9D500BE0FE6 /* Base */ = {isa = PBXFileReference; lastKnownFileType = file.storyboard; name = Base; path = Base.lproj/LaunchScreen.storyboard; sourceTree = "<group>"; };
		CCC4C7711E2AA9D500BE0FE6 /* Info.plist */ = {isa = PBXFileReference; lastKnownFileType = text.plist.xml; path = Info.plist; sourceTree = "<group>"; };
/* End PBXFileReference section */

/* Begin PBXFrameworksBuildPhase section */
		CCC4C75F1E2AA9D500BE0FE6 /* Frameworks */ = {
			isa = PBXFrameworksBuildPhase;
			buildActionMask = 2147483647;
			files = (
			);
			runOnlyForDeploymentPostprocessing = 0;
		};
/* End PBXFrameworksBuildPhase section */

/* Begin PBXGroup section */
		CCC4C7591E2AA9D500BE0FE6 = {
			isa = PBXGroup;
			children = (
				CCC4C7641E2AA9D500BE0FE6 /* Blanco */,
				CCC4C7631E2AA9D500BE0FE6 /* Products */,
			);
			sourceTree = "<group>";
		};
		CCC4C7631E2AA9D500BE0FE6 /* Products */ = {
			isa = PBXGroup;
			children = (
				CCC4C7621E2AA9D500BE0FE6 /* Blanco.app */,
			);
			name = Products;
			sourceTree = "<group>";
		};
		CCC4C7641E2AA9D500BE0FE6 /* Blanco */ = {
			isa = PBXGroup;
			children = (
				CC2DD5CC1E2D3A75008AEB32 /* Blanco.html */,
				CCC4C7651E2AA9D500BE0FE6 /* AppDelegate.swift */,
				CCC4C7671E2AA9D500BE0FE6 /* ViewController.swift */,
				CCC4C7691E2AA9D500BE0FE6 /* Main.storyboard */,
				CC2DD5CA1E2C54DF008AEB32 /* AboutViewController.swift */,
				CCC4C76C1E2AA9D500BE0FE6 /* Assets.xcassets */,
				CCC4C76E1E2AA9D500BE0FE6 /* LaunchScreen.storyboard */,
				CCC4C7711E2AA9D500BE0FE6 /* Info.plist */,
			);
			path = Blanco;
			sourceTree = "<group>";
		};
/* End PBXGroup section */

/* Begin PBXNativeTarget section */
		CCC4C7611E2AA9D500BE0FE6 /* Blanco */ = {
			isa = PBXNativeTarget;
			buildConfigurationList = CCC4C7741E2AA9D500BE0FE6 /* Build configuration list for PBXNativeTarget "Blanco" */;
			buildPhases = (
				CCC4C75E1E2AA9D500BE0FE6 /* Sources */,
				CCC4C75F1E2AA9D500BE0FE6 /* Frameworks */,
				CCC4C7601E2AA9D500BE0FE6 /* Resources */,
			);
			buildRules = (
			);
			dependencies = (
			);
			name = Blanco;
			productName = Blanco;
			productReference = CCC4C7621E2AA9D500BE0FE6 /* Blanco.app */;
			productType = "com.apple.product-type.application";
		};
/* End PBXNativeTarget section */

/* Begin PBXProject section */
		CCC4C75A1E2AA9D500BE0FE6 /* Project object */ = {
			isa = PBXProject;
			attributes = {
				LastSwiftUpdateCheck = 0820;
				LastUpgradeCheck = 0820;
				ORGANIZATIONNAME = PielDeJaguar;
				TargetAttributes = {
					CCC4C7611E2AA9D500BE0FE6 = {
						CreatedOnToolsVersion = 8.2.1;
						DevelopmentTeam = JM33QBQ4S7;
						ProvisioningStyle = Automatic;
					};
				};
			};
			buildConfigurationList = CCC4C75D1E2AA9D500BE0FE6 /* Build configuration list for PBXProject "Blanco" */;
			compatibilityVersion = "Xcode 3.2";
			developmentRegion = English;
			hasScannedForEncodings = 0;
			knownRegions = (
				en,
				Base,
			);
			mainGroup = CCC4C7591E2AA9D500BE0FE6;
			productRefGroup = CCC4C7631E2AA9D500BE0FE6 /* Products */;
			projectDirPath = "";
			projectRoot = "";
			targets = (
				CCC4C7611E2AA9D500BE0FE6 /* Blanco */,
			);
		};
/* End PBXProject section */

/* Begin PBXResourcesBuildPhase section */
		CCC4C7601E2AA9D500BE0FE6 /* Resources */ = {
			isa = PBXResourcesBuildPhase;
			buildActionMask = 2147483647;
			files = (
				CCC4C7701E2AA9D500BE0FE6 /* LaunchScreen.storyboard in Resources */,
				CC2DD5CD1E2D3A75008AEB32 /* Blanco.html in Resources */,
				CCC4C76D1E2AA9D500BE0FE6 /* Assets.xcassets in Resources */,
				CCC4C76B1E2AA9D500BE0FE6 /* Main.storyboard in Resources */,
			);
			runOnlyForDeploymentPostprocessing = 0;
		};
/* End PBXResourcesBuildPhase section */

/* Begin PBXSourcesBuildPhase section */
		CCC4C75E1E2AA9D500BE0FE6 /* Sources */ = {
			isa = PBXSourcesBuildPhase;
			buildActionMask = 2147483647;
			files = (
				CC2DD5CB1E2C54DF008AEB32 /* AboutViewController.swift in Sources */,
				CCC4C7681E2AA9D500BE0FE6 /* ViewController.swift in Sources */,
				CCC4C7661E2AA9D500BE0FE6 /* AppDelegate.swift in Sources */,
			);
			runOnlyForDeploymentPostprocessing = 0;
		};
/* End PBXSourcesBuildPhase section */

/* Begin PBXVariantGroup section */
		CCC4C7691E2AA9D500BE0FE6 /* Main.storyboard */ = {
			isa = PBXVariantGroup;
			children = (
				CCC4C76A1E2AA9D500BE0FE6 /* Base */,
			);
			name = Main.storyboard;
			sourceTree = "<group>";
		};
		CCC4C76E1E2AA9D500BE0FE6 /* LaunchScreen.storyboard */ = {
			isa = PBXVariantGroup;
			children = (
				CCC4C76F1E2AA9D500BE0FE6 /* Base */,
			);
			name = LaunchScreen.storyboard;
			sourceTree = "<group>";
		};
/* End PBXVariantGroup section */

/* Begin XCBuildConfiguration section */
		CCC4C7721E2AA9D500BE0FE6 /* Debug */ = {
			isa = XCBuildConfiguration;
			buildSettings = {
				ALWAYS_SEARCH_USER_PATHS = NO;
				CLANG_ANALYZER_NONNULL = YES;
				CLANG_CXX_LANGUAGE_STANDARD = "gnu++0x";
				CLANG_CXX_LIBRARY = "libc++";
				CLANG_ENABLE_MODULES = YES;
				CLANG_ENABLE_OBJC_ARC = YES;
				CLANG_WARN_BOOL_CONVERSION = YES;
				CLANG_WARN_CONSTANT_CONVERSION = YES;
				CLANG_WARN_DIRECT_OBJC_ISA_USAGE = YES_ERROR;
				CLANG_WARN_DOCUMENTATION_COMMENTS = YES;
				CLANG_WARN_EMPTY_BODY = YES;
				CLANG_WARN_ENUM_CONVERSION = YES;
				CLANG_WARN_INFINITE_RECURSION = YES;
				CLANG_WARN_INT_CONVERSION = YES;
				CLANG_WARN_OBJC_ROOT_CLASS = YES_ERROR;
				CLANG_WARN_SUSPICIOUS_MOVE = YES;
				CLANG_WARN_UNREACHABLE_CODE = YES;
				CLANG_WARN__DUPLICATE_METHOD_MATCH = YES;
				"CODE_SIGN_IDENTITY[sdk=iphoneos*]" = "iPhone Developer";
				COPY_PHASE_STRIP = NO;
				DEBUG_INFORMATION_FORMAT = dwarf;
				ENABLE_STRICT_OBJC_MSGSEND = YES;
				ENABLE_TESTABILITY = YES;
				GCC_C_LANGUAGE_STANDARD = gnu99;
				GCC_DYNAMIC_NO_PIC = NO;
				GCC_NO_COMMON_BLOCKS = YES;
				GCC_OPTIMIZATION_LEVEL = 0;
				GCC_PREPROCESSOR_DEFINITIONS = (
					"DEBUG=1",
					"$(inherited)",
				);
				GCC_WARN_64_TO_32_BIT_CONVERSION = YES;
				GCC_WARN_ABOUT_RETURN_TYPE = YES_ERROR;
				GCC_WARN_UNDECLARED_SELECTOR = YES;
				GCC_WARN_UNINITIALIZED_AUTOS = YES_AGGRESSIVE;
				GCC_WARN_UNUSED_FUNCTION = YES;
				GCC_WARN_UNUSED_VARIABLE = YES;
				IPHONEOS_DEPLOYMENT_TARGET = 10.2;
				MTL_ENABLE_DEBUG_INFO = YES;
				ONLY_ACTIVE_ARCH = YES;
				SDKROOT = iphoneos;
				SWIFT_ACTIVE_COMPILATION_CONDITIONS = DEBUG;
				SWIFT_OPTIMIZATION_LEVEL = "-Onone";
			};
			name = Debug;
		};
		CCC4C7731E2AA9D500BE0FE6 /* Release */ = {
			isa = XCBuildConfiguration;
			buildSettings = {
				ALWAYS_SEARCH_USER_PATHS = NO;
				CLANG_ANALYZER_NONNULL = YES;
				CLANG_CXX_LANGUAGE_STANDARD = "gnu++0x";
				CLANG_CXX_LIBRARY = "libc++";
				CLANG_ENABLE_MODULES = YES;
				CLANG_ENABLE_OBJC_ARC = YES;
				CLANG_WARN_BOOL_CONVERSION = YES;
				CLANG_WARN_CONSTANT_CONVERSION = YES;
				CLANG_WARN_DIRECT_OBJC_ISA_USAGE = YES_ERROR;
				CLANG_WARN_DOCUMENTATION_COMMENTS = YES;
				CLANG_WARN_EMPTY_BODY = YES;
				CLANG_WARN_ENUM_CONVERSION = YES;
				CLANG_WARN_INFINITE_RECURSION = YES;
				CLANG_WARN_INT_CONVERSION = YES;
				CLANG_WARN_OBJC_ROOT_CLASS = YES_ERROR;
				CLANG_WARN_SUSPICIOUS_MOVE = YES;
				CLANG_WARN_UNREACHABLE_CODE = YES;
				CLANG_WARN__DUPLICATE_METHOD_MATCH = YES;
				"CODE_SIGN_IDENTITY[sdk=iphoneos*]" = "iPhone Developer";
				COPY_PHASE_STRIP = NO;
				DEBUG_INFORMATION_FORMAT = "dwarf-with-dsym";
				ENABLE_NS_ASSERTIONS = NO;
				ENABLE_STRICT_OBJC_MSGSEND = YES;
				GCC_C_LANGUAGE_STANDARD = gnu99;
				GCC_NO_COMMON_BLOCKS = YES;
				GCC_WARN_64_TO_32_BIT_CONVERSION = YES;
				GCC_WARN_ABOUT_RETURN_TYPE = YES_ERROR;
				GCC_WARN_UNDECLARED_SELECTOR = YES;
				GCC_WARN_UNINITIALIZED_AUTOS = YES_AGGRESSIVE;
				GCC_WARN_UNUSED_FUNCTION = YES;
				GCC_WARN_UNUSED_VARIABLE = YES;
				IPHONEOS_DEPLOYMENT_TARGET = 10.2;
				MTL_ENABLE_DEBUG_INFO = NO;
				SDKROOT = iphoneos;
				SWIFT_OPTIMIZATION_LEVEL = "-Owholemodule";
				VALIDATE_PRODUCT = YES;
			};
			name = Release;
		};
		CCC4C7751E2AA9D500BE0FE6 /* Debug */ = {
			isa = XCBuildConfiguration;
			buildSettings = {
				ASSETCATALOG_COMPILER_APPICON_NAME = AppIcon;
				ASSETCATALOG_COMPILER_LAUNCHIMAGE_NAME = LaunchImage;
				DEVELOPMENT_TEAM = JM33QBQ4S7;
				INFOPLIST_FILE = Blanco/Info.plist;
				LD_RUNPATH_SEARCH_PATHS = "$(inherited) @executable_path/Frameworks";
				PRODUCT_BUNDLE_IDENTIFIER = com.PielDeJaguar.Blanco;
				PRODUCT_NAME = "$(TARGET_NAME)";
				PROVISIONING_PROFILE = "cc314789-ca12-40de-92e8-cf1c827915b5";
				SWIFT_VERSION = 3.0;
			};
			name = Debug;
		};
		CCC4C7761E2AA9D500BE0FE6 /* Release */ = {
			isa = XCBuildConfiguration;
			buildSettings = {
				ASSETCATALOG_COMPILER_APPICON_NAME = AppIcon;
				ASSETCATALOG_COMPILER_LAUNCHIMAGE_NAME = LaunchImage;
				DEVELOPMENT_TEAM = JM33QBQ4S7;
				INFOPLIST_FILE = Blanco/Info.plist;
				LD_RUNPATH_SEARCH_PATHS = "$(inherited) @executable_path/Frameworks";
				PRODUCT_BUNDLE_IDENTIFIER = com.PielDeJaguar.Blanco;
				PRODUCT_NAME = "$(TARGET_NAME)";
				PROVISIONING_PROFILE = "cc314789-ca12-40de-92e8-cf1c827915b5";
				SWIFT_VERSION = 3.0;
			};
			name = Release;
		};
/* End XCBuildConfiguration section */

/* Begin XCConfigurationList section */
		CCC4C75D1E2AA9D500BE0FE6 /* Build configuration list for PBXProject "Blanco" */ = {
			isa = XCConfigurationList;
			buildConfigurations = (
				CCC4C7721E2AA9D500BE0FE6 /* Debug */,
				CCC4C7731E2AA9D500BE0FE6 /* Release */,
			);
			defaultConfigurationIsVisible = 0;
			defaultConfigurationName = Release;
		};
		CCC4C7741E2AA9D500BE0FE6 /* Build configuration list for PBXNativeTarget "Blanco" */ = {
			isa = XCConfigurationList;
			buildConfigurations = (
				CCC4C7751E2AA9D500BE0FE6 /* Debug */,
				CCC4C7761E2AA9D500BE0FE6 /* Release */,
			);
			defaultConfigurationIsVisible = 0;
			defaultConfigurationName = Release;
		};
/* End XCConfigurationList section */
	};
	rootObject = CCC4C75A1E2AA9D500BE0FE6 /* Project object */;
}
